
Microsoft Visual Studio Solution File, Format Version 11.00
# Visual Studio 2010
Project("{FAE04EC0-301F-11D3-BF4B-00C04F79EFBC}") = "Shooter", "Shooter\Shooter\Shooter.csproj", "{2AB65AB6-AC81-43F2-B43F-069C858E423C}"
EndProject
Project("{FAE04EC0-301F-11D3-BF4B-00C04F79EFBC}") = "ShooterContent", "Shooter\ShooterContent\ShooterContent.contentproj", "{301A0986-067D-486C-9FDE-689861944A3A}"
EndProject
Project("{FAE04EC0-301F-11D3-BF4B-00C04F79EFBC}") = "Client", "Shooter\Client\Client.csproj", "{E5DF9DE2-A91A-43AA-B30E-DBA4F27928F4}"
EndProject
Global
	GlobalSection(SolutionConfigurationPlatforms) = preSolution
		Debug|Any CPU = Debug|Any CPU
		Debug|Mixed Platforms = Debug|Mixed Platforms
		Debug|x86 = Debug|x86
		Release|Any CPU = Release|Any CPU
		Release|Mixed Platforms = Release|Mixed Platforms
		Release|x86 = Release|x86
	EndGlobalSection
	GlobalSection(ProjectConfigurationPlatforms) = postSolution
		{2AB65AB6-AC81-43F2-B43F-069C858E423C}.Debug|Any CPU.ActiveCfg = Debug|x86
		{2AB65AB6-AC81-43F2-B43F-069C858E423C}.Debug|Mixed Platforms.ActiveCfg = Debug|x86
		{2AB65AB6-AC81-43F2-B43F-069C858E423C}.Debug|Mixed Platforms.Build.0 = Debug|x86
		{2AB65AB6-AC81-43F2-B43F-069C858E423C}.Debug|x86.ActiveCfg = Debug|x86
		{2AB65AB6-AC81-43F2-B43F-069C858E423C}.Debug|x86.Build.0 = Debug|x86
		{2AB65AB6-AC81-43F2-B43F-069C858E423C}.Release|Any CPU.ActiveCfg = Release|x86
		{2AB65AB6-AC81-43F2-B43F-069C858E423C}.Release|Mixed Platforms.ActiveCfg = Release|x86
		{2AB65AB6-AC81-43F2-B43F-069C858E423C}.Release|Mixed Platforms.Build.0 = Release|x86
		{2AB65AB6-AC81-43F2-B43F-069C858E423C}.Release|x86.ActiveCfg = Release|x86
		{2AB65AB6-AC81-43F2-B43F-069C858E423C}.Release|x86.Build.0 = Release|x86
		{301A0986-067D-486C-9FDE-689861944A3A}.Debug|Any CPU.ActiveCfg = Debug|x86
		{301A0986-067D-486C-9FDE-689861944A3A}.Debug|Mixed Platforms.ActiveCfg = Debug|x86
		{301A0986-067D-486C-9FDE-689861944A3A}.Debug|x86.ActiveCfg = Debug|x86
		{301A0986-067D-486C-9FDE-689861944A3A}.Release|Any CPU.ActiveCfg = Release|x86
		{301A0986-067D-486C-9FDE-689861944A3A}.Release|Mixed Platforms.ActiveCfg = Release|x86
		{301A0986-067D-486C-9FDE-689861944A3A}.Release|x86.ActiveCfg = Release|x86
		{E5DF9DE2-A91A-43AA-B30E-DBA4F27928F4}.Debug|Any CPU.ActiveCfg = Debug|Any CPU
		{E5DF9DE2-A91A-43AA-B30E-DBA4F27928F4}.Debug|Any CPU.Build.0 = Debug|Any CPU
		{E5DF9DE2-A91A-43AA-B30E-DBA4F27928F4}.Debug|Mixed Platforms.ActiveCfg = Debug|Any CPU
		{E5DF9DE2-A91A-43AA-B30E-DBA4F27928F4}.Debug|Mixed Platforms.Build.0 = Debug|Any CPU
		{E5DF9DE2-A91A-43AA-B30E-DBA4F27928F4}.Debug|x86.ActiveCfg = Debug|Any CPU
		{E5DF9DE2-A91A-43AA-B30E-DBA4F27928F4}.Release|Any CPU.ActiveCfg = Release|Any CPU
		{E5DF9DE2-A91A-43AA-B30E-DBA4F27928F4}.Release|Any CPU.Build.0 = Release|Any CPU
		{E5DF9DE2-A91A-43AA-B30E-DBA4F27928F4}.Release|Mixed Platforms.ActiveCfg = Release|Any CPU
		{E5DF9DE2-A91A-43AA-B30E-DBA4F27928F4}.Release|Mixed Platforms.Build.0 = Release|Any CPU
		{E5DF9DE2-A91A-43AA-B30E-DBA4F27928F4}.Release|x86.ActiveCfg = Release|Any CPU
	EndGlobalSection
	GlobalSection(SolutionProperties) = preSolution
		HideSolutionNode = FALSE
	EndGlobalSection
EndGlobal
